
Microsoft Visual Studio Solution File, Format Version 12.00
# Visual Studio Version 16
VisualStudioVersion = 16.0.30523.141
MinimumVisualStudioVersion = 10.0.40219.1
Project("{9A19103F-16F7-4668-BE54-9A1E7A4F7556}") = "SpatialPlayFabPlatformApi", "SpatialPlayFabPlatformApi\SpatialPlayFabPlatformApi.csproj", "{B96C5898-979D-4672-97F5-EBC7EBCC5805}"
EndProject
Project("{FAE04EC0-301F-11D3-BF4B-00C04F79EFBC}") = "PlatformConsole", "PlatformConsole\PlatformConsole.csproj", "{95CEF495-7396-4A86-B547-C5D3442FFA47}"
EndProject
Global
	GlobalSection(SolutionConfigurationPlatforms) = preSolution
		Debug|Any CPU = Debug|Any CPU
		Release|Any CPU = Release|Any CPU
	EndGlobalSection
	GlobalSection(ProjectConfigurationPlatforms) = postSolution
		{B96C5898-979D-4672-97F5-EBC7EBCC5805}.Debug|Any CPU.ActiveCfg = Debug|Any CPU
		{B96C5898-979D-4672-97F5-EBC7EBCC5805}.Debug|Any CPU.Build.0 = Debug|Any CPU
		{B96C5898-979D-4672-97F5-EBC7EBCC5805}.Release|Any CPU.ActiveCfg = Release|Any CPU
		{B96C5898-979D-4672-97F5-EBC7EBCC5805}.Release|Any CPU.Build.0 = Release|Any CPU
		{95CEF495-7396-4A86-B547-C5D3442FFA47}.Debug|Any CPU.ActiveCfg = Debug|Any CPU
		{95CEF495-7396-4A86-B547-C5D3442FFA47}.Debug|Any CPU.Build.0 = Debug|Any CPU
		{95CEF495-7396-4A86-B547-C5D3442FFA47}.Release|Any CPU.ActiveCfg = Release|Any CPU
		{95CEF495-7396-4A86-B547-C5D3442FFA47}.Release|Any CPU.Build.0 = Release|Any CPU
	EndGlobalSection
	GlobalSection(SolutionProperties) = preSolution
		HideSolutionNode = FALSE
	EndGlobalSection
	GlobalSection(ExtensibilityGlobals) = postSolution
		SolutionGuid = {27D1D49D-7456-4B13-9BEB-D79B989E5148}
	EndGlobalSection
EndGlobal
